
Microsoft Visual Studio Solution File, Format Version 12.00
# Visual Studio Version 17
VisualStudioVersion = 17.0.31903.59
MinimumVisualStudioVersion = 10.0.40219.1
Project("{FAE04EC0-301F-11D3-BF4B-00C04F79EFBC}") = "Backend", "Backend\Backend.csproj", "{3F7190A2-EA10-4EEF-AAA7-43CE8C61012E}"
EndProject
Project("{FAE04EC0-301F-11D3-BF4B-00C04F79EFBC}") = "BackendTests", "BackendTests\BackendTests.csproj", "{81A902AA-F8BF-456E-A37D-A8CB1A66DF10}"
EndProject
Project("{FAE04EC0-301F-11D3-BF4B-00C04F79EFBC}") = "FrontEnd", "FrontEnd\FrontEnd.csproj", "{4EB9AFA8-9CEC-47F5-8A46-CDC79D4EC0B1}"
EndProject
Global
	GlobalSection(SolutionConfigurationPlatforms) = preSolution
		Debug|Any CPU = Debug|Any CPU
		Release|Any CPU = Release|Any CPU
	EndGlobalSection
	GlobalSection(SolutionProperties) = preSolution
		HideSolutionNode = FALSE
	EndGlobalSection
	GlobalSection(ProjectConfigurationPlatforms) = postSolution
		{3F7190A2-EA10-4EEF-AAA7-43CE8C61012E}.Debug|Any CPU.ActiveCfg = Debug|Any CPU
		{3F7190A2-EA10-4EEF-AAA7-43CE8C61012E}.Debug|Any CPU.Build.0 = Debug|Any CPU
		{3F7190A2-EA10-4EEF-AAA7-43CE8C61012E}.Release|Any CPU.ActiveCfg = Release|Any CPU
		{3F7190A2-EA10-4EEF-AAA7-43CE8C61012E}.Release|Any CPU.Build.0 = Release|Any CPU
		{81A902AA-F8BF-456E-A37D-A8CB1A66DF10}.Debug|Any CPU.ActiveCfg = Debug|Any CPU
		{81A902AA-F8BF-456E-A37D-A8CB1A66DF10}.Debug|Any CPU.Build.0 = Debug|Any CPU
		{81A902AA-F8BF-456E-A37D-A8CB1A66DF10}.Release|Any CPU.ActiveCfg = Release|Any CPU
		{81A902AA-F8BF-456E-A37D-A8CB1A66DF10}.Release|Any CPU.Build.0 = Release|Any CPU
		{4EB9AFA8-9CEC-47F5-8A46-CDC79D4EC0B1}.Debug|Any CPU.ActiveCfg = Debug|Any CPU
		{4EB9AFA8-9CEC-47F5-8A46-CDC79D4EC0B1}.Debug|Any CPU.Build.0 = Debug|Any CPU
		{4EB9AFA8-9CEC-47F5-8A46-CDC79D4EC0B1}.Release|Any CPU.ActiveCfg = Release|Any CPU
		{4EB9AFA8-9CEC-47F5-8A46-CDC79D4EC0B1}.Release|Any CPU.Build.0 = Release|Any CPU
	EndGlobalSection
EndGlobal
